// !$*UTF8*$!
{
	archiveVersion = 1;
	classes = {
	};
	objectVersion = 77;
	objects = {

/* Begin PBXContainerItemProxy section */
		A39C6A142CB6AC1B00E5D5F6 /* PBXContainerItemProxy */ = {
			isa = PBXContainerItemProxy;
			containerPortal = A39C69FB2CB6AC1800E5D5F6 /* Project object */;
			proxyType = 1;
			remoteGlobalIDString = A39C6A022CB6AC1800E5D5F6;
			remoteInfo = SwiftDataProject;
		};
		A39C6A1E2CB6AC1B00E5D5F6 /* PBXContainerItemProxy */ = {
			isa = PBXContainerItemProxy;
			containerPortal = A39C69FB2CB6AC1800E5D5F6 /* Project object */;
			proxyType = 1;
			remoteGlobalIDString = A39C6A022CB6AC1800E5D5F6;
			remoteInfo = SwiftDataProject;
		};
/* End PBXContainerItemProxy section */

/* Begin PBXFileReference section */
		A39C6A032CB6AC1800E5D5F6 /* SwiftDataProject.app */ = {isa = PBXFileReference; explicitFileType = wrapper.application; includeInIndex = 0; path = SwiftDataProject.app; sourceTree = BUILT_PRODUCTS_DIR; };
		A39C6A132CB6AC1B00E5D5F6 /* SwiftDataProjectTests.xctest */ = {isa = PBXFileReference; explicitFileType = wrapper.cfbundle; includeInIndex = 0; path = SwiftDataProjectTests.xctest; sourceTree = BUILT_PRODUCTS_DIR; };
		A39C6A1D2CB6AC1B00E5D5F6 /* SwiftDataProjectUITests.xctest */ = {isa = PBXFileReference; explicitFileType = wrapper.cfbundle; includeInIndex = 0; path = SwiftDataProjectUITests.xctest; sourceTree = BUILT_PRODUCTS_DIR; };
/* End PBXFileReference section */

/* Begin PBXFileSystemSynchronizedRootGroup section */
		A39C6A052CB6AC1800E5D5F6 /* SwiftDataProject */ = {
			isa = PBXFileSystemSynchronizedRootGroup;
			path = SwiftDataProject;
			sourceTree = "<group>";
		};
		A39C6A162CB6AC1B00E5D5F6 /* SwiftDataProjectTests */ = {
			isa = PBXFileSystemSynchronizedRootGroup;
			path = SwiftDataProjectTests;
			sourceTree = "<group>";
		};
		A39C6A202CB6AC1B00E5D5F6 /* SwiftDataProjectUITests */ = {
			isa = PBXFileSystemSynchronizedRootGroup;
			path = SwiftDataProjectUITests;
			sourceTree = "<group>";
		};
/* End PBXFileSystemSynchronizedRootGroup section */

/* Begin PBXFrameworksBuildPhase section */
		A39C6A002CB6AC1800E5D5F6 /* Frameworks */ = {
			isa = PBXFrameworksBuildPhase;
			buildActionMask = 2147483647;
			files = (
			);
			runOnlyForDeploymentPostprocessing = 0;
		};
		A39C6A102CB6AC1B00E5D5F6 /* Frameworks */ = {
			isa = PBXFrameworksBuildPhase;
			buildActionMask = 2147483647;
			files = (
			);
			runOnlyForDeploymentPostprocessing = 0;
		};
		A39C6A1A2CB6AC1B00E5D5F6 /* Frameworks */ = {
			isa = PBXFrameworksBuildPhase;
			buildActionMask = 2147483647;
			files = (
			);
			runOnlyForDeploymentPostprocessing = 0;
		};
/* End PBXFrameworksBuildPhase section */

/* Begin PBXGroup section */
		A39C69FA2CB6AC1800E5D5F6 = {
			isa = PBXGroup;
			children = (
				A39C6A052CB6AC1800E5D5F6 /* SwiftDataProject */,
				A39C6A162CB6AC1B00E5D5F6 /* SwiftDataProjectTests */,
				A39C6A202CB6AC1B00E5D5F6 /* SwiftDataProjectUITests */,
				A39C6A042CB6AC1800E5D5F6 /* Products */,
			);
			sourceTree = "<group>";
		};
		A39C6A042CB6AC1800E5D5F6 /* Products */ = {
			isa = PBXGroup;
			children = (
				A39C6A032CB6AC1800E5D5F6 /* SwiftDataProject.app */,
				A39C6A132CB6AC1B00E5D5F6 /* SwiftDataProjectTests.xctest */,
				A39C6A1D2CB6AC1B00E5D5F6 /* SwiftDataProjectUITests.xctest */,
			);
			name = Products;
			sourceTree = "<group>";
		};
/* End PBXGroup section */

/* Begin PBXNativeTarget section */
		A39C6A022CB6AC1800E5D5F6 /* SwiftDataProject */ = {
			isa = PBXNativeTarget;
			buildConfigurationList = A39C6A272CB6AC1B00E5D5F6 /* Build configuration list for PBXNativeTarget "SwiftDataProject" */;
			buildPhases = (
				A39C69FF2CB6AC1800E5D5F6 /* Sources */,
				A39C6A002CB6AC1800E5D5F6 /* Frameworks */,
				A39C6A012CB6AC1800E5D5F6 /* Resources */,
			);
			buildRules = (
			);
			dependencies = (
			);
			fileSystemSynchronizedGroups = (
				A39C6A052CB6AC1800E5D5F6 /* SwiftDataProject */,
			);
			name = SwiftDataProject;
			packageProductDependencies = (
			);
			productName = SwiftDataProject;
			productReference = A39C6A032CB6AC1800E5D5F6 /* SwiftDataProject.app */;
			productType = "com.apple.product-type.application";
		};
		A39C6A122CB6AC1B00E5D5F6 /* SwiftDataProjectTests */ = {
			isa = PBXNativeTarget;
			buildConfigurationList = A39C6A2A2CB6AC1B00E5D5F6 /* Build configuration list for PBXNativeTarget "SwiftDataProjectTests" */;
			buildPhases = (
				A39C6A0F2CB6AC1B00E5D5F6 /* Sources */,
				A39C6A102CB6AC1B00E5D5F6 /* Frameworks */,
				A39C6A112CB6AC1B00E5D5F6 /* Resources */,
			);
			buildRules = (
			);
			dependencies = (
				A39C6A152CB6AC1B00E5D5F6 /* PBXTargetDependency */,
			);
			fileSystemSynchronizedGroups = (
				A39C6A162CB6AC1B00E5D5F6 /* SwiftDataProjectTests */,
			);
			name = SwiftDataProjectTests;
			packageProductDependencies = (
			);
			productName = SwiftDataProjectTests;
			productReference = A39C6A132CB6AC1B00E5D5F6 /* SwiftDataProjectTests.xctest */;
			productType = "com.apple.product-type.bundle.unit-test";
		};
		A39C6A1C2CB6AC1B00E5D5F6 /* SwiftDataProjectUITests */ = {
			isa = PBXNativeTarget;
			buildConfigurationList = A39C6A2D2CB6AC1B00E5D5F6 /* Build configuration list for PBXNativeTarget "SwiftDataProjectUITests" */;
			buildPhases = (
				A39C6A192CB6AC1B00E5D5F6 /* Sources */,
				A39C6A1A2CB6AC1B00E5D5F6 /* Frameworks */,
				A39C6A1B2CB6AC1B00E5D5F6 /* Resources */,
			);
			buildRules = (
			);
			dependencies = (
				A39C6A1F2CB6AC1B00E5D5F6 /* PBXTargetDependency */,
			);
			fileSystemSynchronizedGroups = (
				A39C6A202CB6AC1B00E5D5F6 /* SwiftDataProjectUITests */,
			);
			name = SwiftDataProjectUITests;
			packageProductDependencies = (
			);
			productName = SwiftDataProjectUITests;
			productReference = A39C6A1D2CB6AC1B00E5D5F6 /* SwiftDataProjectUITests.xctest */;
			productType = "com.apple.product-type.bundle.ui-testing";
		};
/* End PBXNativeTarget section */

/* Begin PBXProject section */
		A39C69FB2CB6AC1800E5D5F6 /* Project object */ = {
			isa = PBXProject;
			attributes = {
				BuildIndependentTargetsInParallel = 1;
				LastSwiftUpdateCheck = 1600;
				LastUpgradeCheck = 1600;
				TargetAttributes = {
					A39C6A022CB6AC1800E5D5F6 = {
						CreatedOnToolsVersion = 16.0;
					};
					A39C6A122CB6AC1B00E5D5F6 = {
						CreatedOnToolsVersion = 16.0;
						TestTargetID = A39C6A022CB6AC1800E5D5F6;
					};
					A39C6A1C2CB6AC1B00E5D5F6 = {
						CreatedOnToolsVersion = 16.0;
						TestTargetID = A39C6A022CB6AC1800E5D5F6;
					};
				};
			};
			buildConfigurationList = A39C69FE2CB6AC1800E5D5F6 /* Build configuration list for PBXProject "SwiftDataProject" */;
			developmentRegion = en;
			hasScannedForEncodings = 0;
			knownRegions = (
				en,
				Base,
			);
			mainGroup = A39C69FA2CB6AC1800E5D5F6;
			minimizedProjectReferenceProxies = 1;
			preferredProjectObjectVersion = 77;
			productRefGroup = A39C6A042CB6AC1800E5D5F6 /* Products */;
			projectDirPath = "";
			projectRoot = "";
			targets = (
				A39C6A022CB6AC1800E5D5F6 /* SwiftDataProject */,
				A39C6A122CB6AC1B00E5D5F6 /* SwiftDataProjectTests */,
				A39C6A1C2CB6AC1B00E5D5F6 /* SwiftDataProjectUITests */,
			);
		};
/* End PBXProject section */

/* Begin PBXResourcesBuildPhase section */
		A39C6A012CB6AC1800E5D5F6 /* Resources */ = {
			isa = PBXResourcesBuildPhase;
			buildActionMask = 2147483647;
			files = (
			);
			runOnlyForDeploymentPostprocessing = 0;
		};
		A39C6A112CB6AC1B00E5D5F6 /* Resources */ = {
			isa = PBXResourcesBuildPhase;
			buildActionMask = 2147483647;
			files = (
			);
			runOnlyForDeploymentPostprocessing = 0;
		};
		A39C6A1B2CB6AC1B00E5D5F6 /* Resources */ = {
			isa = PBXResourcesBuildPhase;
			buildActionMask = 2147483647;
			files = (
			);
			runOnlyForDeploymentPostprocessing = 0;
		};
/* End PBXResourcesBuildPhase section */

/* Begin PBXSourcesBuildPhase section */
		A39C69FF2CB6AC1800E5D5F6 /* Sources */ = {
			isa = PBXSourcesBuildPhase;
			buildActionMask = 2147483647;
			files = (
			);
			runOnlyForDeploymentPostprocessing = 0;
		};
		A39C6A0F2CB6AC1B00E5D5F6 /* Sources */ = {
			isa = PBXSourcesBuildPhase;
			buildActionMask = 2147483647;
			files = (
			);
			runOnlyForDeploymentPostprocessing = 0;
		};
		A39C6A192CB6AC1B00E5D5F6 /* Sources */ = {
			isa = PBXSourcesBuildPhase;
			buildActionMask = 2147483647;
			files = (
			);
			runOnlyForDeploymentPostprocessing = 0;
		};
/* End PBXSourcesBuildPhase section */

/* Begin PBXTargetDependency section */
		A39C6A152CB6AC1B00E5D5F6 /* PBXTargetDependency */ = {
			isa = PBXTargetDependency;
			target = A39C6A022CB6AC1800E5D5F6 /* SwiftDataProject */;
			targetProxy = A39C6A142CB6AC1B00E5D5F6 /* PBXContainerItemProxy */;
		};
		A39C6A1F2CB6AC1B00E5D5F6 /* PBXTargetDependency */ = {
			isa = PBXTargetDependency;
			target = A39C6A022CB6AC1800E5D5F6 /* SwiftDataProject */;
			targetProxy = A39C6A1E2CB6AC1B00E5D5F6 /* PBXContainerItemProxy */;
		};
/* End PBXTargetDependency section */

/* Begin XCBuildConfiguration section */
		A39C6A252CB6AC1B00E5D5F6 /* Debug */ = {
			isa = XCBuildConfiguration;
			buildSettings = {
				ALWAYS_SEARCH_USER_PATHS = NO;
				ASSETCATALOG_COMPILER_GENERATE_SWIFT_ASSET_SYMBOL_EXTENSIONS = YES;
				CLANG_ANALYZER_NONNULL = YES;
				CLANG_ANALYZER_NUMBER_OBJECT_CONVERSION = YES_AGGRESSIVE;
				CLANG_CXX_LANGUAGE_STANDARD = "gnu++20";
				CLANG_ENABLE_MODULES = YES;
				CLANG_ENABLE_OBJC_ARC = YES;
				CLANG_ENABLE_OBJC_WEAK = YES;
				CLANG_WARN_BLOCK_CAPTURE_AUTORELEASING = YES;
				CLANG_WARN_BOOL_CONVERSION = YES;
				CLANG_WARN_COMMA = YES;
				CLANG_WARN_CONSTANT_CONVERSION = YES;
				CLANG_WARN_DEPRECATED_OBJC_IMPLEMENTATIONS = YES;
				CLANG_WARN_DIRECT_OBJC_ISA_USAGE = YES_ERROR;
				CLANG_WARN_DOCUMENTATION_COMMENTS = YES;
				CLANG_WARN_EMPTY_BODY = YES;
				CLANG_WARN_ENUM_CONVERSION = YES;
				CLANG_WARN_INFINITE_RECURSION = YES;
				CLANG_WARN_INT_CONVERSION = YES;
				CLANG_WARN_NON_LITERAL_NULL_CONVERSION = YES;
				CLANG_WARN_OBJC_IMPLICIT_RETAIN_SELF = YES;
				CLANG_WARN_OBJC_LITERAL_CONVERSION = YES;
				CLANG_WARN_OBJC_ROOT_CLASS = YES_ERROR;
				CLANG_WARN_QUOTED_INCLUDE_IN_FRAMEWORK_HEADER = YES;
				CLANG_WARN_RANGE_LOOP_ANALYSIS = YES;
				CLANG_WARN_STRICT_PROTOTYPES = YES;
				CLANG_WARN_SUSPICIOUS_MOVE = YES;
				CLANG_WARN_UNGUARDED_AVAILABILITY = YES_AGGRESSIVE;
				CLANG_WARN_UNREACHABLE_CODE = YES;
				CLANG_WARN__DUPLICATE_METHOD_MATCH = YES;
				COPY_PHASE_STRIP = NO;
				DEBUG_INFORMATION_FORMAT = dwarf;
				ENABLE_STRICT_OBJC_MSGSEND = YES;
				ENABLE_TESTABILITY = YES;
				ENABLE_USER_SCRIPT_SANDBOXING = YES;
				GCC_C_LANGUAGE_STANDARD = gnu17;
				GCC_DYNAMIC_NO_PIC = NO;
				GCC_NO_COMMON_BLOCKS = YES;
				GCC_OPTIMIZATION_LEVEL = 0;
				GCC_PREPROCESSOR_DEFINITIONS = (
					"DEBUG=1",
					"$(inherited)",
				);
				GCC_WARN_64_TO_32_BIT_CONVERSION = YES;
				GCC_WARN_ABOUT_RETURN_TYPE = YES_ERROR;
				GCC_WARN_UNDECLARED_SELECTOR = YES;
				GCC_WARN_UNINITIALIZED_AUTOS = YES_AGGRESSIVE;
				GCC_WARN_UNUSED_FUNCTION = YES;
				GCC_WARN_UNUSED_VARIABLE = YES;
				IPHONEOS_DEPLOYMENT_TARGET = 18.0;
				LOCALIZATION_PREFERS_STRING_CATALOGS = YES;
				MTL_ENABLE_DEBUG_INFO = INCLUDE_SOURCE;
				MTL_FAST_MATH = YES;
				ONLY_ACTIVE_ARCH = YES;
				SDKROOT = iphoneos;
				SWIFT_ACTIVE_COMPILATION_CONDITIONS = "DEBUG $(inherited)";
				SWIFT_OPTIMIZATION_LEVEL = "-Onone";
			};
			name = Debug;
		};
		A39C6A262CB6AC1B00E5D5F6 /* Release */ = {
			isa = XCBuildConfiguration;
			buildSettings = {
				ALWAYS_SEARCH_USER_PATHS = NO;
				ASSETCATALOG_COMPILER_GENERATE_SWIFT_ASSET_SYMBOL_EXTENSIONS = YES;
				CLANG_ANALYZER_NONNULL = YES;
				CLANG_ANALYZER_NUMBER_OBJECT_CONVERSION = YES_AGGRESSIVE;
				CLANG_CXX_LANGUAGE_STANDARD = "gnu++20";
				CLANG_ENABLE_MODULES = YES;
				CLANG_ENABLE_OBJC_ARC = YES;
				CLANG_ENABLE_OBJC_WEAK = YES;
				CLANG_WARN_BLOCK_CAPTURE_AUTORELEASING = YES;
				CLANG_WARN_BOOL_CONVERSION = YES;
				CLANG_WARN_COMMA = YES;
				CLANG_WARN_CONSTANT_CONVERSION = YES;
				CLANG_WARN_DEPRECATED_OBJC_IMPLEMENTATIONS = YES;
				CLANG_WARN_DIRECT_OBJC_ISA_USAGE = YES_ERROR;
				CLANG_WARN_DOCUMENTATION_COMMENTS = YES;
				CLANG_WARN_EMPTY_BODY = YES;
				CLANG_WARN_ENUM_CONVERSION = YES;
				CLANG_WARN_INFINITE_RECURSION = YES;
				CLANG_WARN_INT_CONVERSION = YES;
				CLANG_WARN_NON_LITERAL_NULL_CONVERSION = YES;
				CLANG_WARN_OBJC_IMPLICIT_RETAIN_SELF = YES;
				CLANG_WARN_OBJC_LITERAL_CONVERSION = YES;
				CLANG_WARN_OBJC_ROOT_CLASS = YES_ERROR;
				CLANG_WARN_QUOTED_INCLUDE_IN_FRAMEWORK_HEADER = YES;
				CLANG_WARN_RANGE_LOOP_ANALYSIS = YES;
				CLANG_WARN_STRICT_PROTOTYPES = YES;
				CLANG_WARN_SUSPICIOUS_MOVE = YES;
				CLANG_WARN_UNGUARDED_AVAILABILITY = YES_AGGRESSIVE;
				CLANG_WARN_UNREACHABLE_CODE = YES;
				CLANG_WARN__DUPLICATE_METHOD_MATCH = YES;
				COPY_PHASE_STRIP = NO;
				DEBUG_INFORMATION_FORMAT = "dwarf-with-dsym";
				ENABLE_NS_ASSERTIONS = NO;
				ENABLE_STRICT_OBJC_MSGSEND = YES;
				ENABLE_USER_SCRIPT_SANDBOXING = YES;
				GCC_C_LANGUAGE_STANDARD = gnu17;
				GCC_NO_COMMON_BLOCKS = YES;
				GCC_WARN_64_TO_32_BIT_CONVERSION = YES;
				GCC_WARN_ABOUT_RETURN_TYPE = YES_ERROR;
				GCC_WARN_UNDECLARED_SELECTOR = YES;
				GCC_WARN_UNINITIALIZED_AUTOS = YES_AGGRESSIVE;
				GCC_WARN_UNUSED_FUNCTION = YES;
				GCC_WARN_UNUSED_VARIABLE = YES;
				IPHONEOS_DEPLOYMENT_TARGET = 18.0;
				LOCALIZATION_PREFERS_STRING_CATALOGS = YES;
				MTL_ENABLE_DEBUG_INFO = NO;
				MTL_FAST_MATH = YES;
				SDKROOT = iphoneos;
				SWIFT_COMPILATION_MODE = wholemodule;
				VALIDATE_PRODUCT = YES;
			};
			name = Release;
		};
		A39C6A282CB6AC1B00E5D5F6 /* Debug */ = {
			isa = XCBuildConfiguration;
			buildSettings = {
				ASSETCATALOG_COMPILER_APPICON_NAME = AppIcon;
				ASSETCATALOG_COMPILER_GLOBAL_ACCENT_COLOR_NAME = AccentColor;
				CODE_SIGN_STYLE = Automatic;
				CURRENT_PROJECT_VERSION = 1;
				DEVELOPMENT_ASSET_PATHS = "\"SwiftDataProject/Preview Content\"";
				DEVELOPMENT_TEAM = DG4449RVDY;
				ENABLE_PREVIEWS = YES;
				GENERATE_INFOPLIST_FILE = YES;
				INFOPLIST_KEY_UIApplicationSceneManifest_Generation = YES;
				INFOPLIST_KEY_UIApplicationSupportsIndirectInputEvents = YES;
				INFOPLIST_KEY_UILaunchScreen_Generation = YES;
				INFOPLIST_KEY_UISupportedInterfaceOrientations_iPad = "UIInterfaceOrientationPortrait UIInterfaceOrientationPortraitUpsideDown UIInterfaceOrientationLandscapeLeft UIInterfaceOrientationLandscapeRight";
				INFOPLIST_KEY_UISupportedInterfaceOrientations_iPhone = "UIInterfaceOrientationPortrait UIInterfaceOrientationLandscapeLeft UIInterfaceOrientationLandscapeRight";
				LD_RUNPATH_SEARCH_PATHS = (
					"$(inherited)",
					"@executable_path/Frameworks",
				);
				MARKETING_VERSION = 1.0;
				PRODUCT_BUNDLE_IDENTIFIER = com.gc.SwiftDataProject;
				PRODUCT_NAME = "$(TARGET_NAME)";
				SWIFT_EMIT_LOC_STRINGS = YES;
				SWIFT_VERSION = 5.0;
				TARGETED_DEVICE_FAMILY = "1,2";
			};
			name = Debug;
		};
		A39C6A292CB6AC1B00E5D5F6 /* Release */ = {
			isa = XCBuildConfiguration;
			buildSettings = {
				ASSETCATALOG_COMPILER_APPICON_NAME = AppIcon;
				ASSETCATALOG_COMPILER_GLOBAL_ACCENT_COLOR_NAME = AccentColor;
				CODE_SIGN_STYLE = Automatic;
				CURRENT_PROJECT_VERSION = 1;
				DEVELOPMENT_ASSET_PATHS = "\"SwiftDataProject/Preview Content\"";
				DEVELOPMENT_TEAM = DG4449RVDY;
				ENABLE_PREVIEWS = YES;
				GENERATE_INFOPLIST_FILE = YES;
				INFOPLIST_KEY_UIApplicationSceneManifest_Generation = YES;
				INFOPLIST_KEY_UIApplicationSupportsIndirectInputEvents = YES;
				INFOPLIST_KEY_UILaunchScreen_Generation = YES;
				INFOPLIST_KEY_UISupportedInterfaceOrientations_iPad = "UIInterfaceOrientationPortrait UIInterfaceOrientationPortraitUpsideDown UIInterfaceOrientationLandscapeLeft UIInterfaceOrientationLandscapeRight";
				INFOPLIST_KEY_UISupportedInterfaceOrientations_iPhone = "UIInterfaceOrientationPortrait UIInterfaceOrientationLandscapeLeft UIInterfaceOrientationLandscapeRight";
				LD_RUNPATH_SEARCH_PATHS = (
					"$(inherited)",
					"@executable_path/Frameworks",
				);
				MARKETING_VERSION = 1.0;
				PRODUCT_BUNDLE_IDENTIFIER = com.gc.SwiftDataProject;
				PRODUCT_NAME = "$(TARGET_NAME)";
				SWIFT_EMIT_LOC_STRINGS = YES;
				SWIFT_VERSION = 5.0;
				TARGETED_DEVICE_FAMILY = "1,2";
			};
			name = Release;
		};
		A39C6A2B2CB6AC1B00E5D5F6 /* Debug */ = {
			isa = XCBuildConfiguration;
			buildSettings = {
				BUNDLE_LOADER = "$(TEST_HOST)";
				CODE_SIGN_STYLE = Automatic;
				CURRENT_PROJECT_VERSION = 1;
				DEVELOPMENT_TEAM = DG4449RVDY;
				GENERATE_INFOPLIST_FILE = YES;
				IPHONEOS_DEPLOYMENT_TARGET = 18.0;
				MARKETING_VERSION = 1.0;
				PRODUCT_BUNDLE_IDENTIFIER = com.gc.SwiftDataProjectTests;
				PRODUCT_NAME = "$(TARGET_NAME)";
				SWIFT_EMIT_LOC_STRINGS = NO;
				SWIFT_VERSION = 5.0;
				TARGETED_DEVICE_FAMILY = "1,2";
				TEST_HOST = "$(BUILT_PRODUCTS_DIR)/SwiftDataProject.app/$(BUNDLE_EXECUTABLE_FOLDER_PATH)/SwiftDataProject";
			};
			name = Debug;
		};
		A39C6A2C2CB6AC1B00E5D5F6 /* Release */ = {
			isa = XCBuildConfiguration;
			buildSettings = {
				BUNDLE_LOADER = "$(TEST_HOST)";
				CODE_SIGN_STYLE = Automatic;
				CURRENT_PROJECT_VERSION = 1;
				DEVELOPMENT_TEAM = DG4449RVDY;
				GENERATE_INFOPLIST_FILE = YES;
				IPHONEOS_DEPLOYMENT_TARGET = 18.0;
				MARKETING_VERSION = 1.0;
				PRODUCT_BUNDLE_IDENTIFIER = com.gc.SwiftDataProjectTests;
				PRODUCT_NAME = "$(TARGET_NAME)";
				SWIFT_EMIT_LOC_STRINGS = NO;
				SWIFT_VERSION = 5.0;
				TARGETED_DEVICE_FAMILY = "1,2";
				TEST_HOST = "$(BUILT_PRODUCTS_DIR)/SwiftDataProject.app/$(BUNDLE_EXECUTABLE_FOLDER_PATH)/SwiftDataProject";
			};
			name = Release;
		};
		A39C6A2E2CB6AC1B00E5D5F6 /* Debug */ = {
			isa = XCBuildConfiguration;
			buildSettings = {
				CODE_SIGN_STYLE = Automatic;
				CURRENT_PROJECT_VERSION = 1;
				DEVELOPMENT_TEAM = DG4449RVDY;
				GENERATE_INFOPLIST_FILE = YES;
				MARKETING_VERSION = 1.0;
				PRODUCT_BUNDLE_IDENTIFIER = com.gc.SwiftDataProjectUITests;
				PRODUCT_NAME = "$(TARGET_NAME)";
				SWIFT_EMIT_LOC_STRINGS = NO;
				SWIFT_VERSION = 5.0;
				TARGETED_DEVICE_FAMILY = "1,2";
				TEST_TARGET_NAME = SwiftDataProject;
			};
			name = Debug;
		};
		A39C6A2F2CB6AC1B00E5D5F6 /* Release */ = {
			isa = XCBuildConfiguration;
			buildSettings = {
				CODE_SIGN_STYLE = Automatic;
				CURRENT_PROJECT_VERSION = 1;
				DEVELOPMENT_TEAM = DG4449RVDY;
				GENERATE_INFOPLIST_FILE = YES;
				MARKETING_VERSION = 1.0;
				PRODUCT_BUNDLE_IDENTIFIER = com.gc.SwiftDataProjectUITests;
				PRODUCT_NAME = "$(TARGET_NAME)";
				SWIFT_EMIT_LOC_STRINGS = NO;
				SWIFT_VERSION = 5.0;
				TARGETED_DEVICE_FAMILY = "1,2";
				TEST_TARGET_NAME = SwiftDataProject;
			};
			name = Release;
		};
/* End XCBuildConfiguration section */

/* Begin XCConfigurationList section */
		A39C69FE2CB6AC1800E5D5F6 /* Build configuration list for PBXProject "SwiftDataProject" */ = {
			isa = XCConfigurationList;
			buildConfigurations = (
				A39C6A252CB6AC1B00E5D5F6 /* Debug */,
				A39C6A262CB6AC1B00E5D5F6 /* Release */,
			);
			defaultConfigurationIsVisible = 0;
			defaultConfigurationName = Release;
		};
		A39C6A272CB6AC1B00E5D5F6 /* Build configuration list for PBXNativeTarget "SwiftDataProject" */ = {
			isa = XCConfigurationList;
			buildConfigurations = (
				A39C6A282CB6AC1B00E5D5F6 /* Debug */,
				A39C6A292CB6AC1B00E5D5F6 /* Release */,
			);
			defaultConfigurationIsVisible = 0;
			defaultConfigurationName = Release;
		};
		A39C6A2A2CB6AC1B00E5D5F6 /* Build configuration list for PBXNativeTarget "SwiftDataProjectTests" */ = {
			isa = XCConfigurationList;
			buildConfigurations = (
				A39C6A2B2CB6AC1B00E5D5F6 /* Debug */,
				A39C6A2C2CB6AC1B00E5D5F6 /* Release */,
			);
			defaultConfigurationIsVisible = 0;
			defaultConfigurationName = Release;
		};
		A39C6A2D2CB6AC1B00E5D5F6 /* Build configuration list for PBXNativeTarget "SwiftDataProjectUITests" */ = {
			isa = XCConfigurationList;
			buildConfigurations = (
				A39C6A2E2CB6AC1B00E5D5F6 /* Debug */,
				A39C6A2F2CB6AC1B00E5D5F6 /* Release */,
			);
			defaultConfigurationIsVisible = 0;
			defaultConfigurationName = Release;
		};
/* End XCConfigurationList section */
	};
	rootObject = A39C69FB2CB6AC1800E5D5F6 /* Project object */;
}
